
Microsoft Visual Studio Solution File, Format Version 12.00
# Visual Studio Version 16
VisualStudioVersion = 16.0.31515.178
MinimumVisualStudioVersion = 10.0.40219.1
Project("{FAE04EC0-301F-11D3-BF4B-00C04F79EFBC}") = "Phila_Skhosana_MileStone_1", "Phila_Skhosana_MileStone_1.csproj", "{DE9CC8FC-2C1F-49BC-9F1F-3B10E5624959}"
EndProject
Global
	GlobalSection(SolutionConfigurationPlatforms) = preSolution
		Debug|Any CPU = Debug|Any CPU
		Release|Any CPU = Release|Any CPU
	EndGlobalSection
	GlobalSection(ProjectConfigurationPlatforms) = postSolution
		{DE9CC8FC-2C1F-49BC-9F1F-3B10E5624959}.Debug|Any CPU.ActiveCfg = Debug|Any CPU
		{DE9CC8FC-2C1F-49BC-9F1F-3B10E5624959}.Debug|Any CPU.Build.0 = Debug|Any CPU
		{DE9CC8FC-2C1F-49BC-9F1F-3B10E5624959}.Release|Any CPU.ActiveCfg = Release|Any CPU
		{DE9CC8FC-2C1F-49BC-9F1F-3B10E5624959}.Release|Any CPU.Build.0 = Release|Any CPU
	EndGlobalSection
	GlobalSection(SolutionProperties) = preSolution
		HideSolutionNode = FALSE
	EndGlobalSection
	GlobalSection(ExtensibilityGlobals) = postSolution
		SolutionGuid = {AF8A6913-5C4F-4454-9964-1666F2480991}
	EndGlobalSection
EndGlobal
